
Microsoft Visual Studio Solution File, Format Version 12.00
# Visual Studio 2012
Project("{FAE04EC0-301F-11D3-BF4B-00C04F79EFBC}") = "PhaserSnake", "PhaserSnake.csproj", "{8316CAF3-636B-4DD3-885F-F701C68FAD5D}"
EndProject
Global
	GlobalSection(SolutionConfigurationPlatforms) = preSolution
		Debug|Any CPU = Debug|Any CPU
		Release|Any CPU = Release|Any CPU
	EndGlobalSection
	GlobalSection(ProjectConfigurationPlatforms) = postSolution
		{8316CAF3-636B-4DD3-885F-F701C68FAD5D}.Debug|Any CPU.ActiveCfg = Debug|Any CPU
		{8316CAF3-636B-4DD3-885F-F701C68FAD5D}.Debug|Any CPU.Build.0 = Debug|Any CPU
		{8316CAF3-636B-4DD3-885F-F701C68FAD5D}.Release|Any CPU.ActiveCfg = Release|Any CPU
		{8316CAF3-636B-4DD3-885F-F701C68FAD5D}.Release|Any CPU.Build.0 = Release|Any CPU
	EndGlobalSection
	GlobalSection(SolutionProperties) = preSolution
		HideSolutionNode = FALSE
	EndGlobalSection
EndGlobal
